{
  "name": "faz-bot-app-discord",
  "lockfileVersion": 2,
  "requires": true,
  "packages": {
    "": {
      "dependencies": {
        "conventional-changelog-conventionalcommits": "^7.0.2",
        "conventional-recommended-bump": "^9.0.0"
      }
    },
    "node_modules/array-ify": {
      "version": "1.0.0",
      "resolved": "https://registry.npmjs.org/array-ify/-/array-ify-1.0.0.tgz",
      "integrity": "sha512-c5AMf34bKdvPhQ7tBGhqkgKNUzMr4WUs+WDtC2ZUGOUncbxKMTvqxYctiseW3+L4bA8ec+GcZ6/A/FW4m8ukng=="
    },
    "node_modules/compare-func": {
      "version": "2.0.0",
      "resolved": "https://registry.npmjs.org/compare-func/-/compare-func-2.0.0.tgz",
      "integrity": "sha512-zHig5N+tPWARooBnb0Zx1MFcdfpyJrfTJ3Y5L+IFvUm8rM74hHz66z0gw0x4tijh5CorKkKUCnW82R2vmpeCRA==",
      "dependencies": {
        "array-ify": "^1.0.0",
        "dot-prop": "^5.1.0"
      }
    },
    "node_modules/conventional-changelog-conventionalcommits": {
      "version": "7.0.2",
      "resolved": "https://registry.npmjs.org/conventional-changelog-conventionalcommits/-/conventional-changelog-conventionalcommits-7.0.2.tgz",
      "integrity": "sha512-NKXYmMR/Hr1DevQegFB4MwfM5Vv0m4UIxKZTTYuD98lpTknaZlSRrDOG4X7wIXpGkfsYxZTghUN+Qq+T0YQI7w==",
      "license": "ISC",
      "dependencies": {
        "compare-func": "^2.0.0"
      },
      "engines": {
        "node": ">=16"
      }
    },
    "node_modules/conventional-changelog-preset-loader": {
      "version": "4.1.0",
      "resolved": "https://registry.npmjs.org/conventional-changelog-preset-loader/-/conventional-changelog-preset-loader-4.1.0.tgz",
      "integrity": "sha512-HozQjJicZTuRhCRTq4rZbefaiCzRM2pr6u2NL3XhrmQm4RMnDXfESU6JKu/pnKwx5xtdkYfNCsbhN5exhiKGJA==",
      "engines": {
        "node": ">=16"
      }
    },
    "node_modules/conventional-commits-filter": {
      "version": "4.0.0",
      "resolved": "https://registry.npmjs.org/conventional-commits-filter/-/conventional-commits-filter-4.0.0.tgz",
      "integrity": "sha512-rnpnibcSOdFcdclpFwWa+pPlZJhXE7l+XK04zxhbWrhgpR96h33QLz8hITTXbcYICxVr3HZFtbtUAQ+4LdBo9A==",
      "engines": {
        "node": ">=16"
      }
    },
    "node_modules/conventional-commits-parser": {
      "version": "5.0.0",
      "resolved": "https://registry.npmjs.org/conventional-commits-parser/-/conventional-commits-parser-5.0.0.tgz",
      "integrity": "sha512-ZPMl0ZJbw74iS9LuX9YIAiW8pfM5p3yh2o/NbXHbkFuZzY5jvdi5jFycEOkmBW5H5I7nA+D6f3UcsCLP2vvSEA==",
      "dependencies": {
        "is-text-path": "^2.0.0",
        "JSONStream": "^1.3.5",
        "meow": "^12.0.1",
        "split2": "^4.0.0"
      },
      "bin": {
        "conventional-commits-parser": "cli.mjs"
      },
      "engines": {
        "node": ">=16"
      }
    },
    "node_modules/conventional-recommended-bump": {
      "version": "9.0.0",
      "resolved": "https://registry.npmjs.org/conventional-recommended-bump/-/conventional-recommended-bump-9.0.0.tgz",
      "integrity": "sha512-HR1yD0G5HgYAu6K0wJjLd7QGRK8MQDqqj6Tn1n/ja1dFwBCE6QmV+iSgQ5F7hkx7OUR/8bHpxJqYtXj2f/opPQ==",
      "license": "MIT",
      "dependencies": {
        "conventional-changelog-preset-loader": "^4.1.0",
        "conventional-commits-filter": "^4.0.0",
        "conventional-commits-parser": "^5.0.0",
        "git-raw-commits": "^4.0.0",
        "git-semver-tags": "^7.0.0",
        "meow": "^12.0.1"
      },
      "bin": {
        "conventional-recommended-bump": "cli.mjs"
      },
      "engines": {
        "node": ">=16"
      }
    },
    "node_modules/dargs": {
      "version": "8.1.0",
      "resolved": "https://registry.npmjs.org/dargs/-/dargs-8.1.0.tgz",
      "integrity": "sha512-wAV9QHOsNbwnWdNW2FYvE1P56wtgSbM+3SZcdGiWQILwVjACCXDCI3Ai8QlCjMDB8YK5zySiXZYBiwGmNY3lnw==",
      "engines": {
        "node": ">=12"
      },
      "funding": {
        "url": "https://github.com/sponsors/sindresorhus"
      }
    },
    "node_modules/dot-prop": {
      "version": "5.3.0",
      "resolved": "https://registry.npmjs.org/dot-prop/-/dot-prop-5.3.0.tgz",
      "integrity": "sha512-QM8q3zDe58hqUqjraQOmzZ1LIH9SWQJTlEKCH4kJ2oQvLZk7RbQXvtDM2XEq3fwkV9CCvvH4LA0AV+ogFsBM2Q==",
      "dependencies": {
        "is-obj": "^2.0.0"
      },
      "engines": {
        "node": ">=8"
      }
    },
    "node_modules/git-raw-commits": {
      "version": "4.0.0",
      "resolved": "https://registry.npmjs.org/git-raw-commits/-/git-raw-commits-4.0.0.tgz",
      "integrity": "sha512-ICsMM1Wk8xSGMowkOmPrzo2Fgmfo4bMHLNX6ytHjajRJUqvHOw/TFapQ+QG75c3X/tTDDhOSRPGC52dDbNM8FQ==",
      "dependencies": {
        "dargs": "^8.0.0",
        "meow": "^12.0.1",
        "split2": "^4.0.0"
      },
      "bin": {
        "git-raw-commits": "cli.mjs"
      },
      "engines": {
        "node": ">=16"
      }
    },
    "node_modules/git-semver-tags": {
      "version": "7.0.1",
      "resolved": "https://registry.npmjs.org/git-semver-tags/-/git-semver-tags-7.0.1.tgz",
      "integrity": "sha512-NY0ZHjJzyyNXHTDZmj+GG7PyuAKtMsyWSwh07CR2hOZFa+/yoTsXci/nF2obzL8UDhakFNkD9gNdt/Ed+cxh2Q==",
      "dependencies": {
        "meow": "^12.0.1",
        "semver": "^7.5.2"
      },
      "bin": {
        "git-semver-tags": "cli.mjs"
      },
      "engines": {
        "node": ">=16"
      }
    },
    "node_modules/is-obj": {
      "version": "2.0.0",
      "resolved": "https://registry.npmjs.org/is-obj/-/is-obj-2.0.0.tgz",
      "integrity": "sha512-drqDG3cbczxxEJRoOXcOjtdp1J/lyp1mNn0xaznRs8+muBhgQcrnbspox5X5fOw0HnMnbfDzvnEMEtqDEJEo8w==",
      "engines": {
        "node": ">=8"
      }
    },
    "node_modules/is-text-path": {
      "version": "2.0.0",
      "resolved": "https://registry.npmjs.org/is-text-path/-/is-text-path-2.0.0.tgz",
      "integrity": "sha512-+oDTluR6WEjdXEJMnC2z6A4FRwFoYuvShVVEGsS7ewc0UTi2QtAKMDJuL4BDEVt+5T7MjFo12RP8ghOM75oKJw==",
      "dependencies": {
        "text-extensions": "^2.0.0"
      },
      "engines": {
        "node": ">=8"
      }
    },
    "node_modules/jsonparse": {
      "version": "1.3.1",
      "resolved": "https://registry.npmjs.org/jsonparse/-/jsonparse-1.3.1.tgz",
      "integrity": "sha512-POQXvpdL69+CluYsillJ7SUhKvytYjW9vG/GKpnf+xP8UWgYEM/RaMzHHofbALDiKbbP1W8UEYmgGl39WkPZsg==",
      "engines": [
        "node >= 0.2.0"
      ]
    },
    "node_modules/JSONStream": {
      "version": "1.3.5",
      "resolved": "https://registry.npmjs.org/JSONStream/-/JSONStream-1.3.5.tgz",
      "integrity": "sha512-E+iruNOY8VV9s4JEbe1aNEm6MiszPRr/UfcHMz0TQh1BXSxHK+ASV1R6W4HpjBhSeS+54PIsAMCBmwD06LLsqQ==",
      "dependencies": {
        "jsonparse": "^1.2.0",
        "through": ">=2.2.7 <3"
      },
      "bin": {
        "JSONStream": "bin.js"
      },
      "engines": {
        "node": "*"
      }
    },
    "node_modules/meow": {
      "version": "12.1.1",
      "resolved": "https://registry.npmjs.org/meow/-/meow-12.1.1.tgz",
      "integrity": "sha512-BhXM0Au22RwUneMPwSCnyhTOizdWoIEPU9sp0Aqa1PnDMR5Wv2FGXYDjuzJEIX+Eo2Rb8xuYe5jrnm5QowQFkw==",
      "engines": {
        "node": ">=16.10"
      },
      "funding": {
        "url": "https://github.com/sponsors/sindresorhus"
      }
    },
    "node_modules/semver": {
      "version": "7.6.3",
      "resolved": "https://registry.npmjs.org/semver/-/semver-7.6.3.tgz",
      "integrity": "sha512-oVekP1cKtI+CTDvHWYFUcMtsK/00wmAEfyqKfNdARm8u1wNVhSgaX7A8d4UuIlUI5e84iEwOhs7ZPYRmzU9U6A==",
      "bin": {
        "semver": "bin/semver.js"
      },
      "engines": {
        "node": ">=10"
      }
    },
    "node_modules/split2": {
      "version": "4.2.0",
      "resolved": "https://registry.npmjs.org/split2/-/split2-4.2.0.tgz",
      "integrity": "sha512-UcjcJOWknrNkF6PLX83qcHM6KHgVKNkV62Y8a5uYDVv9ydGQVwAHMKqHdJje1VTWpljG0WYpCDhrCdAOYH4TWg==",
      "engines": {
        "node": ">= 10.x"
      }
    },
    "node_modules/text-extensions": {
      "version": "2.4.0",
      "resolved": "https://registry.npmjs.org/text-extensions/-/text-extensions-2.4.0.tgz",
      "integrity": "sha512-te/NtwBwfiNRLf9Ijqx3T0nlqZiQ2XrrtBvu+cLL8ZRrGkO0NHTug8MYFKyoSrv/sHTaSKfilUkizV6XhxMJ3g==",
      "engines": {
        "node": ">=8"
      },
      "funding": {
        "url": "https://github.com/sponsors/sindresorhus"
      }
    },
    "node_modules/through": {
      "version": "2.3.8",
      "resolved": "https://registry.npmjs.org/through/-/through-2.3.8.tgz",
      "integrity": "sha512-w89qg7PI8wAdvX60bMDP+bFoD5Dvhm9oLheFp5O4a2QF0cSBGsBX4qZmadPMvVqlLJBBci+WqGGOAPvcDeNSVg=="
    }
  },
  "dependencies": {
    "array-ify": {
      "version": "1.0.0",
      "resolved": "https://registry.npmjs.org/array-ify/-/array-ify-1.0.0.tgz",
      "integrity": "sha512-c5AMf34bKdvPhQ7tBGhqkgKNUzMr4WUs+WDtC2ZUGOUncbxKMTvqxYctiseW3+L4bA8ec+GcZ6/A/FW4m8ukng=="
    },
    "compare-func": {
      "version": "2.0.0",
      "resolved": "https://registry.npmjs.org/compare-func/-/compare-func-2.0.0.tgz",
      "integrity": "sha512-zHig5N+tPWARooBnb0Zx1MFcdfpyJrfTJ3Y5L+IFvUm8rM74hHz66z0gw0x4tijh5CorKkKUCnW82R2vmpeCRA==",
      "requires": {
        "array-ify": "^1.0.0",
        "dot-prop": "^5.1.0"
      }
    },
    "conventional-changelog-conventionalcommits": {
      "version": "7.0.2",
      "resolved": "https://registry.npmjs.org/conventional-changelog-conventionalcommits/-/conventional-changelog-conventionalcommits-7.0.2.tgz",
      "integrity": "sha512-NKXYmMR/Hr1DevQegFB4MwfM5Vv0m4UIxKZTTYuD98lpTknaZlSRrDOG4X7wIXpGkfsYxZTghUN+Qq+T0YQI7w==",
      "requires": {
        "compare-func": "^2.0.0"
      }
    },
    "conventional-changelog-preset-loader": {
      "version": "4.1.0",
      "resolved": "https://registry.npmjs.org/conventional-changelog-preset-loader/-/conventional-changelog-preset-loader-4.1.0.tgz",
      "integrity": "sha512-HozQjJicZTuRhCRTq4rZbefaiCzRM2pr6u2NL3XhrmQm4RMnDXfESU6JKu/pnKwx5xtdkYfNCsbhN5exhiKGJA=="
    },
    "conventional-commits-filter": {
      "version": "4.0.0",
      "resolved": "https://registry.npmjs.org/conventional-commits-filter/-/conventional-commits-filter-4.0.0.tgz",
      "integrity": "sha512-rnpnibcSOdFcdclpFwWa+pPlZJhXE7l+XK04zxhbWrhgpR96h33QLz8hITTXbcYICxVr3HZFtbtUAQ+4LdBo9A=="
    },
    "conventional-commits-parser": {
      "version": "5.0.0",
      "resolved": "https://registry.npmjs.org/conventional-commits-parser/-/conventional-commits-parser-5.0.0.tgz",
      "integrity": "sha512-ZPMl0ZJbw74iS9LuX9YIAiW8pfM5p3yh2o/NbXHbkFuZzY5jvdi5jFycEOkmBW5H5I7nA+D6f3UcsCLP2vvSEA==",
      "requires": {
        "is-text-path": "^2.0.0",
        "JSONStream": "^1.3.5",
        "meow": "^12.0.1",
        "split2": "^4.0.0"
      }
    },
    "conventional-recommended-bump": {
      "version": "9.0.0",
      "resolved": "https://registry.npmjs.org/conventional-recommended-bump/-/conventional-recommended-bump-9.0.0.tgz",
      "integrity": "sha512-HR1yD0G5HgYAu6K0wJjLd7QGRK8MQDqqj6Tn1n/ja1dFwBCE6QmV+iSgQ5F7hkx7OUR/8bHpxJqYtXj2f/opPQ==",
      "requires": {
        "conventional-changelog-preset-loader": "^4.1.0",
        "conventional-commits-filter": "^4.0.0",
        "conventional-commits-parser": "^5.0.0",
        "git-raw-commits": "^4.0.0",
        "git-semver-tags": "^7.0.0",
        "meow": "^12.0.1"
      }
    },
    "dargs": {
      "version": "8.1.0",
      "resolved": "https://registry.npmjs.org/dargs/-/dargs-8.1.0.tgz",
      "integrity": "sha512-wAV9QHOsNbwnWdNW2FYvE1P56wtgSbM+3SZcdGiWQILwVjACCXDCI3Ai8QlCjMDB8YK5zySiXZYBiwGmNY3lnw=="
    },
    "dot-prop": {
      "version": "5.3.0",
      "resolved": "https://registry.npmjs.org/dot-prop/-/dot-prop-5.3.0.tgz",
      "integrity": "sha512-QM8q3zDe58hqUqjraQOmzZ1LIH9SWQJTlEKCH4kJ2oQvLZk7RbQXvtDM2XEq3fwkV9CCvvH4LA0AV+ogFsBM2Q==",
      "requires": {
        "is-obj": "^2.0.0"
      }
    },
    "git-raw-commits": {
      "version": "4.0.0",
      "resolved": "https://registry.npmjs.org/git-raw-commits/-/git-raw-commits-4.0.0.tgz",
      "integrity": "sha512-ICsMM1Wk8xSGMowkOmPrzo2Fgmfo4bMHLNX6ytHjajRJUqvHOw/TFapQ+QG75c3X/tTDDhOSRPGC52dDbNM8FQ==",
      "requires": {
        "dargs": "^8.0.0",
        "meow": "^12.0.1",
        "split2": "^4.0.0"
      }
    },
    "git-semver-tags": {
      "version": "7.0.1",
      "resolved": "https://registry.npmjs.org/git-semver-tags/-/git-semver-tags-7.0.1.tgz",
      "integrity": "sha512-NY0ZHjJzyyNXHTDZmj+GG7PyuAKtMsyWSwh07CR2hOZFa+/yoTsXci/nF2obzL8UDhakFNkD9gNdt/Ed+cxh2Q==",
      "requires": {
        "meow": "^12.0.1",
        "semver": "^7.5.2"
      }
    },
    "is-obj": {
      "version": "2.0.0",
      "resolved": "https://registry.npmjs.org/is-obj/-/is-obj-2.0.0.tgz",
      "integrity": "sha512-drqDG3cbczxxEJRoOXcOjtdp1J/lyp1mNn0xaznRs8+muBhgQcrnbspox5X5fOw0HnMnbfDzvnEMEtqDEJEo8w=="
    },
    "is-text-path": {
      "version": "2.0.0",
      "resolved": "https://registry.npmjs.org/is-text-path/-/is-text-path-2.0.0.tgz",
      "integrity": "sha512-+oDTluR6WEjdXEJMnC2z6A4FRwFoYuvShVVEGsS7ewc0UTi2QtAKMDJuL4BDEVt+5T7MjFo12RP8ghOM75oKJw==",
      "requires": {
        "text-extensions": "^2.0.0"
      }
    },
    "jsonparse": {
      "version": "1.3.1",
      "resolved": "https://registry.npmjs.org/jsonparse/-/jsonparse-1.3.1.tgz",
      "integrity": "sha512-POQXvpdL69+CluYsillJ7SUhKvytYjW9vG/GKpnf+xP8UWgYEM/RaMzHHofbALDiKbbP1W8UEYmgGl39WkPZsg=="
    },
    "JSONStream": {
      "version": "1.3.5",
      "resolved": "https://registry.npmjs.org/JSONStream/-/JSONStream-1.3.5.tgz",
      "integrity": "sha512-E+iruNOY8VV9s4JEbe1aNEm6MiszPRr/UfcHMz0TQh1BXSxHK+ASV1R6W4HpjBhSeS+54PIsAMCBmwD06LLsqQ==",
      "requires": {
        "jsonparse": "^1.2.0",
        "through": ">=2.2.7 <3"
      }
    },
    "meow": {
      "version": "12.1.1",
      "resolved": "https://registry.npmjs.org/meow/-/meow-12.1.1.tgz",
      "integrity": "sha512-BhXM0Au22RwUneMPwSCnyhTOizdWoIEPU9sp0Aqa1PnDMR5Wv2FGXYDjuzJEIX+Eo2Rb8xuYe5jrnm5QowQFkw=="
    },
    "semver": {
      "version": "7.6.3",
      "resolved": "https://registry.npmjs.org/semver/-/semver-7.6.3.tgz",
      "integrity": "sha512-oVekP1cKtI+CTDvHWYFUcMtsK/00wmAEfyqKfNdARm8u1wNVhSgaX7A8d4UuIlUI5e84iEwOhs7ZPYRmzU9U6A=="
    },
    "split2": {
      "version": "4.2.0",
      "resolved": "https://registry.npmjs.org/split2/-/split2-4.2.0.tgz",
      "integrity": "sha512-UcjcJOWknrNkF6PLX83qcHM6KHgVKNkV62Y8a5uYDVv9ydGQVwAHMKqHdJje1VTWpljG0WYpCDhrCdAOYH4TWg=="
    },
    "text-extensions": {
      "version": "2.4.0",
      "resolved": "https://registry.npmjs.org/text-extensions/-/text-extensions-2.4.0.tgz",
      "integrity": "sha512-te/NtwBwfiNRLf9Ijqx3T0nlqZiQ2XrrtBvu+cLL8ZRrGkO0NHTug8MYFKyoSrv/sHTaSKfilUkizV6XhxMJ3g=="
    },
    "through": {
      "version": "2.3.8",
      "resolved": "https://registry.npmjs.org/through/-/through-2.3.8.tgz",
      "integrity": "sha512-w89qg7PI8wAdvX60bMDP+bFoD5Dvhm9oLheFp5O4a2QF0cSBGsBX4qZmadPMvVqlLJBBci+WqGGOAPvcDeNSVg=="
    }
  }
}
